Microsoft Visual Studio Solution File, Format Version 12.00
# Visual Studio Version 17
VisualStudioVersion = 17.2.32630.192
MinimumVisualStudioVersion = 15.0.26124.0
Project("{9A19103F-16F7-4668-BE54-9A1E7A4F7556}") = "Wlniao.XCore", "Wlniao.XCore\Wlniao.XCore.csproj", "{04340231-B54B-404E-82DE-EDFC50CC78F2}"
EndProject
Project("{9A19103F-16F7-4668-BE54-9A1E7A4F7556}") = "Wlniao.XCore.Test", "Wlniao.XCore.Test\Wlniao.XCore.Test.csproj", "{925CB13C-7ED8-4763-BAFD-01025E359C53}"
EndProject
Project("{9A19103F-16F7-4668-BE54-9A1E7A4F7556}") = "Wlniao.AspNetCore", "Wlniao.AspNetCore\Wlniao.AspNetCore.csproj", "{1161CF6D-D1E2-40B6-9942-6EA86AE50115}"
EndProject
Project("{9A19103F-16F7-4668-BE54-9A1E7A4F7556}") = "Wlniao.XCenter", "Wlniao.XCenter\Wlniao.XCenter.csproj", "{03602D22-F76B-4DC8-B19B-4D434E0AD474}"
EndProject
Global
	GlobalSection(SolutionConfigurationPlatforms) = preSolution
		Debug|Any CPU = Debug|Any CPU
		Debug|x64 = Debug|x64
		Debug|x86 = Debug|x86
		Release|Any CPU = Release|Any CPU
		Release|x64 = Release|x64
		Release|x86 = Release|x86
	EndGlobalSection
	GlobalSection(ProjectConfigurationPlatforms) = postSolution
		{04340231-B54B-404E-82DE-EDFC50CC78F2}.Debug|Any CPU.ActiveCfg = Debug|Any CPU
		{04340231-B54B-404E-82DE-EDFC50CC78F2}.Debug|Any CPU.Build.0 = Debug|Any CPU
		{04340231-B54B-404E-82DE-EDFC50CC78F2}.Debug|x64.ActiveCfg = Debug|Any CPU
		{04340231-B54B-404E-82DE-EDFC50CC78F2}.Debug|x64.Build.0 = Debug|Any CPU
		{04340231-B54B-404E-82DE-EDFC50CC78F2}.Debug|x86.ActiveCfg = Debug|Any CPU
		{04340231-B54B-404E-82DE-EDFC50CC78F2}.Debug|x86.Build.0 = Debug|Any CPU
		{04340231-B54B-404E-82DE-EDFC50CC78F2}.Release|Any CPU.ActiveCfg = Release|Any CPU
		{04340231-B54B-404E-82DE-EDFC50CC78F2}.Release|Any CPU.Build.0 = Release|Any CPU
		{04340231-B54B-404E-82DE-EDFC50CC78F2}.Release|x64.ActiveCfg = Release|Any CPU
		{04340231-B54B-404E-82DE-EDFC50CC78F2}.Release|x64.Build.0 = Release|Any CPU
		{04340231-B54B-404E-82DE-EDFC50CC78F2}.Release|x86.ActiveCfg = Release|Any CPU
		{04340231-B54B-404E-82DE-EDFC50CC78F2}.Release|x86.Build.0 = Release|Any CPU
		{925CB13C-7ED8-4763-BAFD-01025E359C53}.Debug|Any CPU.ActiveCfg = Debug|Any CPU
		{925CB13C-7ED8-4763-BAFD-01025E359C53}.Debug|Any CPU.Build.0 = Debug|Any CPU
		{925CB13C-7ED8-4763-BAFD-01025E359C53}.Debug|x64.ActiveCfg = Debug|Any CPU
		{925CB13C-7ED8-4763-BAFD-01025E359C53}.Debug|x64.Build.0 = Debug|Any CPU
		{925CB13C-7ED8-4763-BAFD-01025E359C53}.Debug|x86.ActiveCfg = Debug|Any CPU
		{925CB13C-7ED8-4763-BAFD-01025E359C53}.Debug|x86.Build.0 = Debug|Any CPU
		{925CB13C-7ED8-4763-BAFD-01025E359C53}.Release|Any CPU.ActiveCfg = Release|Any CPU
		{925CB13C-7ED8-4763-BAFD-01025E359C53}.Release|Any CPU.Build.0 = Release|Any CPU
		{925CB13C-7ED8-4763-BAFD-01025E359C53}.Release|x64.ActiveCfg = Release|Any CPU
		{925CB13C-7ED8-4763-BAFD-01025E359C53}.Release|x64.Build.0 = Release|Any CPU
		{925CB13C-7ED8-4763-BAFD-01025E359C53}.Release|x86.ActiveCfg = Release|Any CPU
		{925CB13C-7ED8-4763-BAFD-01025E359C53}.Release|x86.Build.0 = Release|Any CPU
		{1161CF6D-D1E2-40B6-9942-6EA86AE50115}.Debug|Any CPU.ActiveCfg = Debug|Any CPU
		{1161CF6D-D1E2-40B6-9942-6EA86AE50115}.Debug|Any CPU.Build.0 = Debug|Any CPU
		{1161CF6D-D1E2-40B6-9942-6EA86AE50115}.Debug|x64.ActiveCfg = Debug|Any CPU
		{1161CF6D-D1E2-40B6-9942-6EA86AE50115}.Debug|x64.Build.0 = Debug|Any CPU
		{1161CF6D-D1E2-40B6-9942-6EA86AE50115}.Debug|x86.ActiveCfg = Debug|Any CPU
		{1161CF6D-D1E2-40B6-9942-6EA86AE50115}.Debug|x86.Build.0 = Debug|Any CPU
		{1161CF6D-D1E2-40B6-9942-6EA86AE50115}.Release|Any CPU.ActiveCfg = Release|Any CPU
		{1161CF6D-D1E2-40B6-9942-6EA86AE50115}.Release|Any CPU.Build.0 = Release|Any CPU
		{1161CF6D-D1E2-40B6-9942-6EA86AE50115}.Release|x64.ActiveCfg = Release|Any CPU
		{1161CF6D-D1E2-40B6-9942-6EA86AE50115}.Release|x64.Build.0 = Release|Any CPU
		{1161CF6D-D1E2-40B6-9942-6EA86AE50115}.Release|x86.ActiveCfg = Release|Any CPU
		{1161CF6D-D1E2-40B6-9942-6EA86AE50115}.Release|x86.Build.0 = Release|Any CPU
		{03602D22-F76B-4DC8-B19B-4D434E0AD474}.Debug|Any CPU.ActiveCfg = Debug|Any CPU
		{03602D22-F76B-4DC8-B19B-4D434E0AD474}.Debug|Any CPU.Build.0 = Debug|Any CPU
		{03602D22-F76B-4DC8-B19B-4D434E0AD474}.Debug|x64.ActiveCfg = Debug|Any CPU
		{03602D22-F76B-4DC8-B19B-4D434E0AD474}.Debug|x64.Build.0 = Debug|Any CPU
		{03602D22-F76B-4DC8-B19B-4D434E0AD474}.Debug|x86.ActiveCfg = Debug|Any CPU
		{03602D22-F76B-4DC8-B19B-4D434E0AD474}.Debug|x86.Build.0 = Debug|Any CPU
		{03602D22-F76B-4DC8-B19B-4D434E0AD474}.Release|Any CPU.ActiveCfg = Release|Any CPU
		{03602D22-F76B-4DC8-B19B-4D434E0AD474}.Release|Any CPU.Build.0 = Release|Any CPU
		{03602D22-F76B-4DC8-B19B-4D434E0AD474}.Release|x64.ActiveCfg = Release|Any CPU
		{03602D22-F76B-4DC8-B19B-4D434E0AD474}.Release|x64.Build.0 = Release|Any CPU
		{03602D22-F76B-4DC8-B19B-4D434E0AD474}.Release|x86.ActiveCfg = Release|Any CPU
		{03602D22-F76B-4DC8-B19B-4D434E0AD474}.Release|x86.Build.0 = Release|Any CPU
	EndGlobalSection
	GlobalSection(SolutionProperties) = preSolution
		HideSolutionNode = FALSE
	EndGlobalSection
	GlobalSection(ExtensibilityGlobals) = postSolution
		SolutionGuid = {BA6DCA5E-292F-457C-81B9-CE4F28D079E2}
	EndGlobalSection
EndGlobal
