
Microsoft Visual Studio Solution File, Format Version 12.00
# Visual Studio Version 17
VisualStudioVersion = 17.9.34728.123
MinimumVisualStudioVersion = 10.0.40219.1
Project("{9A19103F-16F7-4668-BE54-9A1E7A4F7556}") = "Wlniao.OpenApi", "Wlniao.OpenApi.csproj", "{361D90E6-E502-4930-8828-12DDA4DDCEE1}"
EndProject
Global
	GlobalSection(SolutionConfigurationPlatforms) = preSolution
		Debug|Any CPU = Debug|Any CPU
		Release|Any CPU = Release|Any CPU
	EndGlobalSection
	GlobalSection(ProjectConfigurationPlatforms) = postSolution
		{361D90E6-E502-4930-8828-12DDA4DDCEE1}.Debug|Any CPU.ActiveCfg = Debug|Any CPU
		{361D90E6-E502-4930-8828-12DDA4DDCEE1}.Debug|Any CPU.Build.0 = Debug|Any CPU
		{361D90E6-E502-4930-8828-12DDA4DDCEE1}.Release|Any CPU.ActiveCfg = Release|Any CPU
		{361D90E6-E502-4930-8828-12DDA4DDCEE1}.Release|Any CPU.Build.0 = Release|Any CPU
	EndGlobalSection
	GlobalSection(SolutionProperties) = preSolution
		HideSolutionNode = FALSE
	EndGlobalSection
	GlobalSection(ExtensibilityGlobals) = postSolution
		SolutionGuid = {AF414CE4-853A-4F09-8A4E-2E2365A0C4DE}
	EndGlobalSection
EndGlobal
